
Microsoft Visual Studio Solution File, Format Version 12.00
# Visual Studio Version 17
VisualStudioVersion = 17.7.34024.191
MinimumVisualStudioVersion = 10.0.40219.1
Project("{FAE04EC0-301F-11D3-BF4B-00C04F79EFBC}") = "AccesoADatos", "AccesoADatos\AccesoADatos.csproj", "{1A26E023-18E2-46C6-8460-DF06601169D5}"
EndProject
Project("{FAE04EC0-301F-11D3-BF4B-00C04F79EFBC}") = "WebAPI", "WebAPI\WebAPI.csproj", "{FC8CC423-048E-496F-BB3D-D8A115F3D5B2}"
EndProject
Global
	GlobalSection(SolutionConfigurationPlatforms) = preSolution
		Debug|Any CPU = Debug|Any CPU
		Release|Any CPU = Release|Any CPU
	EndGlobalSection
	GlobalSection(ProjectConfigurationPlatforms) = postSolution
		{1A26E023-18E2-46C6-8460-DF06601169D5}.Debug|Any CPU.ActiveCfg = Debug|Any CPU
		{1A26E023-18E2-46C6-8460-DF06601169D5}.Debug|Any CPU.Build.0 = Debug|Any CPU
		{1A26E023-18E2-46C6-8460-DF06601169D5}.Release|Any CPU.ActiveCfg = Release|Any CPU
		{1A26E023-18E2-46C6-8460-DF06601169D5}.Release|Any CPU.Build.0 = Release|Any CPU
		{FC8CC423-048E-496F-BB3D-D8A115F3D5B2}.Debug|Any CPU.ActiveCfg = Debug|Any CPU
		{FC8CC423-048E-496F-BB3D-D8A115F3D5B2}.Debug|Any CPU.Build.0 = Debug|Any CPU
		{FC8CC423-048E-496F-BB3D-D8A115F3D5B2}.Release|Any CPU.ActiveCfg = Release|Any CPU
		{FC8CC423-048E-496F-BB3D-D8A115F3D5B2}.Release|Any CPU.Build.0 = Release|Any CPU
	EndGlobalSection
	GlobalSection(SolutionProperties) = preSolution
		HideSolutionNode = FALSE
	EndGlobalSection
	GlobalSection(ExtensibilityGlobals) = postSolution
		SolutionGuid = {834A3296-4D49-4D3B-AABD-7FED6E8FAB9C}
	EndGlobalSection
EndGlobal
